
Microsoft Visual Studio Solution File, Format Version 12.00
# Visual Studio 2012
Project("{FAE04EC0-301F-11D3-BF4B-00C04F79EFBC}") = "Practica", "Practica\Practica.csproj", "{47CD08E7-826A-4399-AAB0-0F2862C62067}"
EndProject
Global
	GlobalSection(SolutionConfigurationPlatforms) = preSolution
		Debug|Any CPU = Debug|Any CPU
		Release|Any CPU = Release|Any CPU
	EndGlobalSection
	GlobalSection(ProjectConfigurationPlatforms) = postSolution
		{47CD08E7-826A-4399-AAB0-0F2862C62067}.Debug|Any CPU.ActiveCfg = Debug|Any CPU
		{47CD08E7-826A-4399-AAB0-0F2862C62067}.Debug|Any CPU.Build.0 = Debug|Any CPU
		{47CD08E7-826A-4399-AAB0-0F2862C62067}.Release|Any CPU.ActiveCfg = Release|Any CPU
		{47CD08E7-826A-4399-AAB0-0F2862C62067}.Release|Any CPU.Build.0 = Release|Any CPU
	EndGlobalSection
	GlobalSection(SolutionProperties) = preSolution
		HideSolutionNode = FALSE
	EndGlobalSection
EndGlobal
