
Microsoft Visual Studio Solution File, Format Version 12.00
# Visual Studio 15
VisualStudioVersion = 15.0.27130.2010
MinimumVisualStudioVersion = 10.0.40219.1
Project("{FAE04EC0-301F-11D3-BF4B-00C04F79EFBC}") = "ConsoleApp2", "ConsoleApp2\ConsoleApp2.csproj", "{83DEC7CE-F2E1-49DB-BFBA-65DB64D09E5A}"
EndProject
Project("{FAE04EC0-301F-11D3-BF4B-00C04F79EFBC}") = "ConsoleApp1", "ConsoleApp1\ConsoleApp1.csproj", "{C75F0073-4452-4147-A836-D7FB920A1B42}"
EndProject
Global
	GlobalSection(SolutionConfigurationPlatforms) = preSolution
		Debug|Any CPU = Debug|Any CPU
		Release|Any CPU = Release|Any CPU
	EndGlobalSection
	GlobalSection(ProjectConfigurationPlatforms) = postSolution
		{83DEC7CE-F2E1-49DB-BFBA-65DB64D09E5A}.Debug|Any CPU.ActiveCfg = Debug|Any CPU
		{83DEC7CE-F2E1-49DB-BFBA-65DB64D09E5A}.Debug|Any CPU.Build.0 = Debug|Any CPU
		{83DEC7CE-F2E1-49DB-BFBA-65DB64D09E5A}.Release|Any CPU.ActiveCfg = Release|Any CPU
		{83DEC7CE-F2E1-49DB-BFBA-65DB64D09E5A}.Release|Any CPU.Build.0 = Release|Any CPU
		{C75F0073-4452-4147-A836-D7FB920A1B42}.Debug|Any CPU.ActiveCfg = Debug|Any CPU
		{C75F0073-4452-4147-A836-D7FB920A1B42}.Debug|Any CPU.Build.0 = Debug|Any CPU
		{C75F0073-4452-4147-A836-D7FB920A1B42}.Release|Any CPU.ActiveCfg = Release|Any CPU
		{C75F0073-4452-4147-A836-D7FB920A1B42}.Release|Any CPU.Build.0 = Release|Any CPU
	EndGlobalSection
	GlobalSection(SolutionProperties) = preSolution
		HideSolutionNode = FALSE
	EndGlobalSection
	GlobalSection(ExtensibilityGlobals) = postSolution
		SolutionGuid = {F363AC6C-ECF5-4FC9-B5B6-6A940F3CDE26}
	EndGlobalSection
EndGlobal
