
Microsoft Visual Studio Solution File, Format Version 12.00
# Visual Studio 15
VisualStudioVersion = 15.0.27130.2010
MinimumVisualStudioVersion = 10.0.40219.1
Project("{FAE04EC0-301F-11D3-BF4B-00C04F79EFBC}") = "Entidades", "Entidades\Entidades.csproj", "{6DF9A166-6679-485D-A1CF-096A3EBB4A74}"
EndProject
Project("{FAE04EC0-301F-11D3-BF4B-00C04F79EFBC}") = "frmFinal", "frmFinal\frmFinal.csproj", "{491836BD-5B54-4F4E-A640-F4242E9D7B65}"
EndProject
Global
	GlobalSection(SolutionConfigurationPlatforms) = preSolution
		Debug|Any CPU = Debug|Any CPU
		Release|Any CPU = Release|Any CPU
	EndGlobalSection
	GlobalSection(ProjectConfigurationPlatforms) = postSolution
		{6DF9A166-6679-485D-A1CF-096A3EBB4A74}.Debug|Any CPU.ActiveCfg = Debug|Any CPU
		{6DF9A166-6679-485D-A1CF-096A3EBB4A74}.Debug|Any CPU.Build.0 = Debug|Any CPU
		{6DF9A166-6679-485D-A1CF-096A3EBB4A74}.Release|Any CPU.ActiveCfg = Release|Any CPU
		{6DF9A166-6679-485D-A1CF-096A3EBB4A74}.Release|Any CPU.Build.0 = Release|Any CPU
		{491836BD-5B54-4F4E-A640-F4242E9D7B65}.Debug|Any CPU.ActiveCfg = Debug|Any CPU
		{491836BD-5B54-4F4E-A640-F4242E9D7B65}.Debug|Any CPU.Build.0 = Debug|Any CPU
		{491836BD-5B54-4F4E-A640-F4242E9D7B65}.Release|Any CPU.ActiveCfg = Release|Any CPU
		{491836BD-5B54-4F4E-A640-F4242E9D7B65}.Release|Any CPU.Build.0 = Release|Any CPU
	EndGlobalSection
	GlobalSection(SolutionProperties) = preSolution
		HideSolutionNode = FALSE
	EndGlobalSection
	GlobalSection(ExtensibilityGlobals) = postSolution
		SolutionGuid = {8A948D16-4D6A-4FAD-AD44-3636C8ACA6E1}
	EndGlobalSection
EndGlobal
