
Microsoft Visual Studio Solution File, Format Version 12.00
# Visual Studio 2012
Project("{FAE04EC0-301F-11D3-BF4B-00C04F79EFBC}") = "Entidades", "Entidades\Entidades.csproj", "{85ED4A33-B053-4728-88F1-A808E7BB8CF3}"
EndProject
Project("{FAE04EC0-301F-11D3-BF4B-00C04F79EFBC}") = "MainCorreo", "MainCorreo\MainCorreo.csproj", "{A4E73E18-964F-44A1-ADD4-0417F1BCA3D4}"
EndProject
Project("{FAE04EC0-301F-11D3-BF4B-00C04F79EFBC}") = "TestUnitarios", "TestUnitarios\TestUnitarios.csproj", "{AC2E8B7A-F134-444F-A914-E1A10CA3B374}"
EndProject
Global
	GlobalSection(SolutionConfigurationPlatforms) = preSolution
		Debug|Any CPU = Debug|Any CPU
		Release|Any CPU = Release|Any CPU
	EndGlobalSection
	GlobalSection(ProjectConfigurationPlatforms) = postSolution
		{85ED4A33-B053-4728-88F1-A808E7BB8CF3}.Debug|Any CPU.ActiveCfg = Debug|Any CPU
		{85ED4A33-B053-4728-88F1-A808E7BB8CF3}.Debug|Any CPU.Build.0 = Debug|Any CPU
		{85ED4A33-B053-4728-88F1-A808E7BB8CF3}.Release|Any CPU.ActiveCfg = Release|Any CPU
		{85ED4A33-B053-4728-88F1-A808E7BB8CF3}.Release|Any CPU.Build.0 = Release|Any CPU
		{A4E73E18-964F-44A1-ADD4-0417F1BCA3D4}.Debug|Any CPU.ActiveCfg = Debug|Any CPU
		{A4E73E18-964F-44A1-ADD4-0417F1BCA3D4}.Debug|Any CPU.Build.0 = Debug|Any CPU
		{A4E73E18-964F-44A1-ADD4-0417F1BCA3D4}.Release|Any CPU.ActiveCfg = Release|Any CPU
		{A4E73E18-964F-44A1-ADD4-0417F1BCA3D4}.Release|Any CPU.Build.0 = Release|Any CPU
		{AC2E8B7A-F134-444F-A914-E1A10CA3B374}.Debug|Any CPU.ActiveCfg = Debug|Any CPU
		{AC2E8B7A-F134-444F-A914-E1A10CA3B374}.Debug|Any CPU.Build.0 = Debug|Any CPU
		{AC2E8B7A-F134-444F-A914-E1A10CA3B374}.Release|Any CPU.ActiveCfg = Release|Any CPU
		{AC2E8B7A-F134-444F-A914-E1A10CA3B374}.Release|Any CPU.Build.0 = Release|Any CPU
	EndGlobalSection
	GlobalSection(SolutionProperties) = preSolution
		HideSolutionNode = FALSE
	EndGlobalSection
	GlobalSection(ExtensibilityGlobals) = postSolution
		SolutionGuid = {9431E5BD-3158-49EA-A641-D72CA9C591FF}
	EndGlobalSection
EndGlobal
