
Microsoft Visual Studio Solution File, Format Version 12.00
# Visual Studio 15
VisualStudioVersion = 15.0.27130.2010
MinimumVisualStudioVersion = 10.0.40219.1
Project("{FAE04EC0-301F-11D3-BF4B-00C04F79EFBC}") = "Ejercicio_55", "Ejercicio_55\Ejercicio_55.csproj", "{8E3A8A61-3A3C-4345-8059-46F7B77E68B7}"
EndProject
Project("{FAE04EC0-301F-11D3-BF4B-00C04F79EFBC}") = "IO", "IO\IO.csproj", "{724753D2-E068-4E74-8410-A9939CFC6D59}"
EndProject
Global
	GlobalSection(SolutionConfigurationPlatforms) = preSolution
		Debug|Any CPU = Debug|Any CPU
		Release|Any CPU = Release|Any CPU
	EndGlobalSection
	GlobalSection(ProjectConfigurationPlatforms) = postSolution
		{8E3A8A61-3A3C-4345-8059-46F7B77E68B7}.Debug|Any CPU.ActiveCfg = Debug|Any CPU
		{8E3A8A61-3A3C-4345-8059-46F7B77E68B7}.Debug|Any CPU.Build.0 = Debug|Any CPU
		{8E3A8A61-3A3C-4345-8059-46F7B77E68B7}.Release|Any CPU.ActiveCfg = Release|Any CPU
		{8E3A8A61-3A3C-4345-8059-46F7B77E68B7}.Release|Any CPU.Build.0 = Release|Any CPU
		{724753D2-E068-4E74-8410-A9939CFC6D59}.Debug|Any CPU.ActiveCfg = Debug|Any CPU
		{724753D2-E068-4E74-8410-A9939CFC6D59}.Debug|Any CPU.Build.0 = Debug|Any CPU
		{724753D2-E068-4E74-8410-A9939CFC6D59}.Release|Any CPU.ActiveCfg = Release|Any CPU
		{724753D2-E068-4E74-8410-A9939CFC6D59}.Release|Any CPU.Build.0 = Release|Any CPU
	EndGlobalSection
	GlobalSection(SolutionProperties) = preSolution
		HideSolutionNode = FALSE
	EndGlobalSection
	GlobalSection(ExtensibilityGlobals) = postSolution
		SolutionGuid = {8F7893F5-A836-40A2-9E5B-7E9F15A71A4F}
	EndGlobalSection
EndGlobal
