
Microsoft Visual Studio Solution File, Format Version 12.00
# Visual Studio 2012
Project("{FAE04EC0-301F-11D3-BF4B-00C04F79EFBC}") = "Clase_17_Library", "Clase_17_Library\Clase_17_Library.csproj", "{ED38A45B-137F-469F-86C6-2BFF1531E718}"
EndProject
Project("{FAE04EC0-301F-11D3-BF4B-00C04F79EFBC}") = "Clase_17", "..\Clase_17\Clase_17.csproj", "{1BE6CD7F-C29E-4017-8789-31870AED923A}"
EndProject
Global
	GlobalSection(SolutionConfigurationPlatforms) = preSolution
		Debug|Any CPU = Debug|Any CPU
		Release|Any CPU = Release|Any CPU
	EndGlobalSection
	GlobalSection(ProjectConfigurationPlatforms) = postSolution
		{ED38A45B-137F-469F-86C6-2BFF1531E718}.Debug|Any CPU.ActiveCfg = Debug|Any CPU
		{ED38A45B-137F-469F-86C6-2BFF1531E718}.Debug|Any CPU.Build.0 = Debug|Any CPU
		{ED38A45B-137F-469F-86C6-2BFF1531E718}.Release|Any CPU.ActiveCfg = Release|Any CPU
		{ED38A45B-137F-469F-86C6-2BFF1531E718}.Release|Any CPU.Build.0 = Release|Any CPU
		{1BE6CD7F-C29E-4017-8789-31870AED923A}.Debug|Any CPU.ActiveCfg = Debug|Any CPU
		{1BE6CD7F-C29E-4017-8789-31870AED923A}.Debug|Any CPU.Build.0 = Debug|Any CPU
		{1BE6CD7F-C29E-4017-8789-31870AED923A}.Release|Any CPU.ActiveCfg = Release|Any CPU
		{1BE6CD7F-C29E-4017-8789-31870AED923A}.Release|Any CPU.Build.0 = Release|Any CPU
	EndGlobalSection
	GlobalSection(SolutionProperties) = preSolution
		HideSolutionNode = FALSE
	EndGlobalSection
EndGlobal
