
Microsoft Visual Studio Solution File, Format Version 12.00
# Visual Studio Express 2012 for Windows Desktop
Project("{FAE04EC0-301F-11D3-BF4B-00C04F79EFBC}") = "Federico.Henseler.2D", "Federico.Henseler.2D\Federico.Henseler.2D.csproj", "{7431F642-BE2D-46DD-940A-315668D1B789}"
EndProject
Project("{FAE04EC0-301F-11D3-BF4B-00C04F79EFBC}") = "Test", "Test\Test.csproj", "{67BA95D0-0F36-4DE2-85AC-17783B40219B}"
EndProject
Global
	GlobalSection(SolutionConfigurationPlatforms) = preSolution
		Debug|Any CPU = Debug|Any CPU
		Release|Any CPU = Release|Any CPU
	EndGlobalSection
	GlobalSection(ProjectConfigurationPlatforms) = postSolution
		{7431F642-BE2D-46DD-940A-315668D1B789}.Debug|Any CPU.ActiveCfg = Debug|Any CPU
		{7431F642-BE2D-46DD-940A-315668D1B789}.Debug|Any CPU.Build.0 = Debug|Any CPU
		{7431F642-BE2D-46DD-940A-315668D1B789}.Release|Any CPU.ActiveCfg = Release|Any CPU
		{7431F642-BE2D-46DD-940A-315668D1B789}.Release|Any CPU.Build.0 = Release|Any CPU
		{67BA95D0-0F36-4DE2-85AC-17783B40219B}.Debug|Any CPU.ActiveCfg = Debug|Any CPU
		{67BA95D0-0F36-4DE2-85AC-17783B40219B}.Debug|Any CPU.Build.0 = Debug|Any CPU
		{67BA95D0-0F36-4DE2-85AC-17783B40219B}.Release|Any CPU.ActiveCfg = Release|Any CPU
		{67BA95D0-0F36-4DE2-85AC-17783B40219B}.Release|Any CPU.Build.0 = Release|Any CPU
	EndGlobalSection
	GlobalSection(SolutionProperties) = preSolution
		HideSolutionNode = FALSE
	EndGlobalSection
EndGlobal
